
Microsoft Visual Studio Solution File, Format Version 12.00
# Visual Studio Version 16
VisualStudioVersion = 16.0.28803.352
MinimumVisualStudioVersion = 10.0.40219.1
Project("{FAE04EC0-301F-11D3-BF4B-00C04F79EFBC}") = "E-DnevnikWebApplication", "E-DnevnikWebApplication\E-DnevnikWebApplication.csproj", "{30C3B029-6F6F-4020-A3AF-CE2B3F080FFE}"
EndProject
Global
	GlobalSection(SolutionConfigurationPlatforms) = preSolution
		Debug|Any CPU = Debug|Any CPU
		Release|Any CPU = Release|Any CPU
	EndGlobalSection
	GlobalSection(ProjectConfigurationPlatforms) = postSolution
		{30C3B029-6F6F-4020-A3AF-CE2B3F080FFE}.Debug|Any CPU.ActiveCfg = Debug|Any CPU
		{30C3B029-6F6F-4020-A3AF-CE2B3F080FFE}.Debug|Any CPU.Build.0 = Debug|Any CPU
		{30C3B029-6F6F-4020-A3AF-CE2B3F080FFE}.Release|Any CPU.ActiveCfg = Release|Any CPU
		{30C3B029-6F6F-4020-A3AF-CE2B3F080FFE}.Release|Any CPU.Build.0 = Release|Any CPU
	EndGlobalSection
	GlobalSection(SolutionProperties) = preSolution
		HideSolutionNode = FALSE
	EndGlobalSection
	GlobalSection(ExtensibilityGlobals) = postSolution
		SolutionGuid = {DD580214-5C1A-4AE5-8683-A8F01FF3EB5F}
	EndGlobalSection
EndGlobal
